
Microsoft Visual Studio Solution File, Format Version 12.00
# Visual Studio Version 16
VisualStudioVersion = 16.0.29409.12
MinimumVisualStudioVersion = 10.0.40219.1
Project("{FAE04EC0-301F-11D3-BF4B-00C04F79EFBC}") = "Bll", "BLL\Bll.csproj", "{639A3C6A-1853-4880-A659-12BD9F60DA24}"
	ProjectSection(ProjectDependencies) = postProject
		{4C1A2C6C-A469-4C87-98D1-F1D517FA1ACF} = {4C1A2C6C-A469-4C87-98D1-F1D517FA1ACF}
	EndProjectSection
EndProject
Project("{FAE04EC0-301F-11D3-BF4B-00C04F79EFBC}") = "Model", "Model\Model.csproj", "{47E6469C-8C61-4D60-93FA-BDF122DA4322}"
EndProject
Project("{FAE04EC0-301F-11D3-BF4B-00C04F79EFBC}") = "Dal", "Dal\Dal.csproj", "{B6E58338-2A20-4B68-ABA2-66D1E2BE3DFD}"
	ProjectSection(ProjectDependencies) = postProject
		{17E9E55F-7F10-4A7A-9B64-BE1FCCDADE82} = {17E9E55F-7F10-4A7A-9B64-BE1FCCDADE82}
	EndProjectSection
EndProject
Project("{FAE04EC0-301F-11D3-BF4B-00C04F79EFBC}") = "DBUtility", "DBUtility\DBUtility.csproj", "{17E9E55F-7F10-4A7A-9B64-BE1FCCDADE82}"
EndProject
Project("{FAE04EC0-301F-11D3-BF4B-00C04F79EFBC}") = "Common", "Common\Common.csproj", "{9A3D9FCD-5EDA-47B8-B418-E65A9831FAC3}"
EndProject
Project("{FAE04EC0-301F-11D3-BF4B-00C04F79EFBC}") = "Business", "Business\Business.csproj", "{60FC330A-B51A-49C8-BE33-A5B9BA9C53AE}"
EndProject
Project("{FAE04EC0-301F-11D3-BF4B-00C04F79EFBC}") = "Test", "Test\Test.csproj", "{5B8D4F50-D000-4F65-9288-EFC9DA0E111C}"
	ProjectSection(ProjectDependencies) = postProject
		{FEB1BE7F-E0E3-457B-88B1-49BFEABAB6FB} = {FEB1BE7F-E0E3-457B-88B1-49BFEABAB6FB}
	EndProjectSection
EndProject
Project("{FAE04EC0-301F-11D3-BF4B-00C04F79EFBC}") = "KernelDev", "KernelDev\KernelDev.csproj", "{8D9A171A-4350-43CF-93BC-727E708BD6AE}"
EndProject
Project("{FAE04EC0-301F-11D3-BF4B-00C04F79EFBC}") = "Service", "Service\Service.csproj", "{FEB1BE7F-E0E3-457B-88B1-49BFEABAB6FB}"
EndProject
Project("{FAE04EC0-301F-11D3-BF4B-00C04F79EFBC}") = "DapperExtensions", "Dapper\DapperExtensions\DapperExtensions.csproj", "{4C1A2C6C-A469-4C87-98D1-F1D517FA1ACF}"
EndProject
Project("{FAE04EC0-301F-11D3-BF4B-00C04F79EFBC}") = "Tools", "Tools\Tools.csproj", "{A7CC6BA5-D0DB-45DB-B25F-CA73D775D125}"
EndProject
Global
	GlobalSection(SolutionConfigurationPlatforms) = preSolution
		Debug|.NET = Debug|.NET
		Debug|Any CPU = Debug|Any CPU
		Debug|Mixed Platforms = Debug|Mixed Platforms
		Debug|x64 = Debug|x64
		Debug|x86 = Debug|x86
		Release|.NET = Release|.NET
		Release|Any CPU = Release|Any CPU
		Release|Mixed Platforms = Release|Mixed Platforms
		Release|x64 = Release|x64
		Release|x86 = Release|x86
	EndGlobalSection
	GlobalSection(ProjectConfigurationPlatforms) = postSolution
		{639A3C6A-1853-4880-A659-12BD9F60DA24}.Debug|.NET.ActiveCfg = Debug|Any CPU
		{639A3C6A-1853-4880-A659-12BD9F60DA24}.Debug|Any CPU.ActiveCfg = Debug|Any CPU
		{639A3C6A-1853-4880-A659-12BD9F60DA24}.Debug|Any CPU.Build.0 = Debug|Any CPU
		{639A3C6A-1853-4880-A659-12BD9F60DA24}.Debug|Mixed Platforms.ActiveCfg = Debug|Any CPU
		{639A3C6A-1853-4880-A659-12BD9F60DA24}.Debug|Mixed Platforms.Build.0 = Debug|Any CPU
		{639A3C6A-1853-4880-A659-12BD9F60DA24}.Debug|x64.ActiveCfg = Debug|x64
		{639A3C6A-1853-4880-A659-12BD9F60DA24}.Debug|x64.Build.0 = Debug|x64
		{639A3C6A-1853-4880-A659-12BD9F60DA24}.Debug|x86.ActiveCfg = Debug|Any CPU
		{639A3C6A-1853-4880-A659-12BD9F60DA24}.Release|.NET.ActiveCfg = Release|Any CPU
		{639A3C6A-1853-4880-A659-12BD9F60DA24}.Release|Any CPU.ActiveCfg = Release|Any CPU
		{639A3C6A-1853-4880-A659-12BD9F60DA24}.Release|Any CPU.Build.0 = Release|Any CPU
		{639A3C6A-1853-4880-A659-12BD9F60DA24}.Release|Mixed Platforms.ActiveCfg = Release|Any CPU
		{639A3C6A-1853-4880-A659-12BD9F60DA24}.Release|Mixed Platforms.Build.0 = Release|Any CPU
		{639A3C6A-1853-4880-A659-12BD9F60DA24}.Release|x64.ActiveCfg = Release|Any CPU
		{639A3C6A-1853-4880-A659-12BD9F60DA24}.Release|x64.Build.0 = Release|Any CPU
		{639A3C6A-1853-4880-A659-12BD9F60DA24}.Release|x86.ActiveCfg = Release|Any CPU
		{47E6469C-8C61-4D60-93FA-BDF122DA4322}.Debug|.NET.ActiveCfg = Debug|Any CPU
		{47E6469C-8C61-4D60-93FA-BDF122DA4322}.Debug|Any CPU.ActiveCfg = Debug|Any CPU
		{47E6469C-8C61-4D60-93FA-BDF122DA4322}.Debug|Any CPU.Build.0 = Debug|Any CPU
		{47E6469C-8C61-4D60-93FA-BDF122DA4322}.Debug|Mixed Platforms.ActiveCfg = Debug|Any CPU
		{47E6469C-8C61-4D60-93FA-BDF122DA4322}.Debug|Mixed Platforms.Build.0 = Debug|Any CPU
		{47E6469C-8C61-4D60-93FA-BDF122DA4322}.Debug|x64.ActiveCfg = Debug|x64
		{47E6469C-8C61-4D60-93FA-BDF122DA4322}.Debug|x64.Build.0 = Debug|x64
		{47E6469C-8C61-4D60-93FA-BDF122DA4322}.Debug|x86.ActiveCfg = Debug|Any CPU
		{47E6469C-8C61-4D60-93FA-BDF122DA4322}.Release|.NET.ActiveCfg = Release|Any CPU
		{47E6469C-8C61-4D60-93FA-BDF122DA4322}.Release|Any CPU.ActiveCfg = Release|Any CPU
		{47E6469C-8C61-4D60-93FA-BDF122DA4322}.Release|Any CPU.Build.0 = Release|Any CPU
		{47E6469C-8C61-4D60-93FA-BDF122DA4322}.Release|Mixed Platforms.ActiveCfg = Release|Any CPU
		{47E6469C-8C61-4D60-93FA-BDF122DA4322}.Release|Mixed Platforms.Build.0 = Release|Any CPU
		{47E6469C-8C61-4D60-93FA-BDF122DA4322}.Release|x64.ActiveCfg = Release|Any CPU
		{47E6469C-8C61-4D60-93FA-BDF122DA4322}.Release|x64.Build.0 = Release|Any CPU
		{47E6469C-8C61-4D60-93FA-BDF122DA4322}.Release|x86.ActiveCfg = Release|Any CPU
		{B6E58338-2A20-4B68-ABA2-66D1E2BE3DFD}.Debug|.NET.ActiveCfg = Debug|Any CPU
		{B6E58338-2A20-4B68-ABA2-66D1E2BE3DFD}.Debug|Any CPU.ActiveCfg = Debug|Any CPU
		{B6E58338-2A20-4B68-ABA2-66D1E2BE3DFD}.Debug|Any CPU.Build.0 = Debug|Any CPU
		{B6E58338-2A20-4B68-ABA2-66D1E2BE3DFD}.Debug|Mixed Platforms.ActiveCfg = Debug|Any CPU
		{B6E58338-2A20-4B68-ABA2-66D1E2BE3DFD}.Debug|Mixed Platforms.Build.0 = Debug|Any CPU
		{B6E58338-2A20-4B68-ABA2-66D1E2BE3DFD}.Debug|x64.ActiveCfg = Debug|x64
		{B6E58338-2A20-4B68-ABA2-66D1E2BE3DFD}.Debug|x64.Build.0 = Debug|x64
		{B6E58338-2A20-4B68-ABA2-66D1E2BE3DFD}.Debug|x86.ActiveCfg = Debug|Any CPU
		{B6E58338-2A20-4B68-ABA2-66D1E2BE3DFD}.Release|.NET.ActiveCfg = Release|Any CPU
		{B6E58338-2A20-4B68-ABA2-66D1E2BE3DFD}.Release|Any CPU.ActiveCfg = Release|Any CPU
		{B6E58338-2A20-4B68-ABA2-66D1E2BE3DFD}.Release|Any CPU.Build.0 = Release|Any CPU
		{B6E58338-2A20-4B68-ABA2-66D1E2BE3DFD}.Release|Mixed Platforms.ActiveCfg = Release|Any CPU
		{B6E58338-2A20-4B68-ABA2-66D1E2BE3DFD}.Release|Mixed Platforms.Build.0 = Release|Any CPU
		{B6E58338-2A20-4B68-ABA2-66D1E2BE3DFD}.Release|x64.ActiveCfg = Release|Any CPU
		{B6E58338-2A20-4B68-ABA2-66D1E2BE3DFD}.Release|x64.Build.0 = Release|Any CPU
		{B6E58338-2A20-4B68-ABA2-66D1E2BE3DFD}.Release|x86.ActiveCfg = Release|Any CPU
		{17E9E55F-7F10-4A7A-9B64-BE1FCCDADE82}.Debug|.NET.ActiveCfg = Debug|Any CPU
		{17E9E55F-7F10-4A7A-9B64-BE1FCCDADE82}.Debug|Any CPU.ActiveCfg = Debug|Any CPU
		{17E9E55F-7F10-4A7A-9B64-BE1FCCDADE82}.Debug|Any CPU.Build.0 = Debug|Any CPU
		{17E9E55F-7F10-4A7A-9B64-BE1FCCDADE82}.Debug|Mixed Platforms.ActiveCfg = Debug|Any CPU
		{17E9E55F-7F10-4A7A-9B64-BE1FCCDADE82}.Debug|Mixed Platforms.Build.0 = Debug|Any CPU
		{17E9E55F-7F10-4A7A-9B64-BE1FCCDADE82}.Debug|x64.ActiveCfg = Debug|x64
		{17E9E55F-7F10-4A7A-9B64-BE1FCCDADE82}.Debug|x64.Build.0 = Debug|x64
		{17E9E55F-7F10-4A7A-9B64-BE1FCCDADE82}.Debug|x86.ActiveCfg = Debug|Any CPU
		{17E9E55F-7F10-4A7A-9B64-BE1FCCDADE82}.Release|.NET.ActiveCfg = Release|Any CPU
		{17E9E55F-7F10-4A7A-9B64-BE1FCCDADE82}.Release|Any CPU.ActiveCfg = Release|Any CPU
		{17E9E55F-7F10-4A7A-9B64-BE1FCCDADE82}.Release|Any CPU.Build.0 = Release|Any CPU
		{17E9E55F-7F10-4A7A-9B64-BE1FCCDADE82}.Release|Mixed Platforms.ActiveCfg = Release|Any CPU
		{17E9E55F-7F10-4A7A-9B64-BE1FCCDADE82}.Release|Mixed Platforms.Build.0 = Release|Any CPU
		{17E9E55F-7F10-4A7A-9B64-BE1FCCDADE82}.Release|x64.ActiveCfg = Release|Any CPU
		{17E9E55F-7F10-4A7A-9B64-BE1FCCDADE82}.Release|x64.Build.0 = Release|Any CPU
		{17E9E55F-7F10-4A7A-9B64-BE1FCCDADE82}.Release|x86.ActiveCfg = Release|Any CPU
		{9A3D9FCD-5EDA-47B8-B418-E65A9831FAC3}.Debug|.NET.ActiveCfg = Debug|Any CPU
		{9A3D9FCD-5EDA-47B8-B418-E65A9831FAC3}.Debug|Any CPU.ActiveCfg = Debug|Any CPU
		{9A3D9FCD-5EDA-47B8-B418-E65A9831FAC3}.Debug|Any CPU.Build.0 = Debug|Any CPU
		{9A3D9FCD-5EDA-47B8-B418-E65A9831FAC3}.Debug|Mixed Platforms.ActiveCfg = Debug|Any CPU
		{9A3D9FCD-5EDA-47B8-B418-E65A9831FAC3}.Debug|Mixed Platforms.Build.0 = Debug|Any CPU
		{9A3D9FCD-5EDA-47B8-B418-E65A9831FAC3}.Debug|x64.ActiveCfg = Debug|x64
		{9A3D9FCD-5EDA-47B8-B418-E65A9831FAC3}.Debug|x64.Build.0 = Debug|x64
		{9A3D9FCD-5EDA-47B8-B418-E65A9831FAC3}.Debug|x86.ActiveCfg = Debug|Any CPU
		{9A3D9FCD-5EDA-47B8-B418-E65A9831FAC3}.Release|.NET.ActiveCfg = Release|Any CPU
		{9A3D9FCD-5EDA-47B8-B418-E65A9831FAC3}.Release|Any CPU.ActiveCfg = Release|Any CPU
		{9A3D9FCD-5EDA-47B8-B418-E65A9831FAC3}.Release|Any CPU.Build.0 = Release|Any CPU
		{9A3D9FCD-5EDA-47B8-B418-E65A9831FAC3}.Release|Mixed Platforms.ActiveCfg = Release|Any CPU
		{9A3D9FCD-5EDA-47B8-B418-E65A9831FAC3}.Release|Mixed Platforms.Build.0 = Release|Any CPU
		{9A3D9FCD-5EDA-47B8-B418-E65A9831FAC3}.Release|x64.ActiveCfg = Release|Any CPU
		{9A3D9FCD-5EDA-47B8-B418-E65A9831FAC3}.Release|x64.Build.0 = Release|Any CPU
		{9A3D9FCD-5EDA-47B8-B418-E65A9831FAC3}.Release|x86.ActiveCfg = Release|Any CPU
		{60FC330A-B51A-49C8-BE33-A5B9BA9C53AE}.Debug|.NET.ActiveCfg = Debug|Any CPU
		{60FC330A-B51A-49C8-BE33-A5B9BA9C53AE}.Debug|.NET.Build.0 = Debug|Any CPU
		{60FC330A-B51A-49C8-BE33-A5B9BA9C53AE}.Debug|Any CPU.ActiveCfg = Debug|Any CPU
		{60FC330A-B51A-49C8-BE33-A5B9BA9C53AE}.Debug|Any CPU.Build.0 = Debug|Any CPU
		{60FC330A-B51A-49C8-BE33-A5B9BA9C53AE}.Debug|Mixed Platforms.ActiveCfg = Debug|Any CPU
		{60FC330A-B51A-49C8-BE33-A5B9BA9C53AE}.Debug|Mixed Platforms.Build.0 = Debug|Any CPU
		{60FC330A-B51A-49C8-BE33-A5B9BA9C53AE}.Debug|x64.ActiveCfg = Debug|x64
		{60FC330A-B51A-49C8-BE33-A5B9BA9C53AE}.Debug|x64.Build.0 = Debug|x64
		{60FC330A-B51A-49C8-BE33-A5B9BA9C53AE}.Debug|x86.ActiveCfg = Debug|Any CPU
		{60FC330A-B51A-49C8-BE33-A5B9BA9C53AE}.Debug|x86.Build.0 = Debug|Any CPU
		{60FC330A-B51A-49C8-BE33-A5B9BA9C53AE}.Release|.NET.ActiveCfg = Release|Any CPU
		{60FC330A-B51A-49C8-BE33-A5B9BA9C53AE}.Release|.NET.Build.0 = Release|Any CPU
		{60FC330A-B51A-49C8-BE33-A5B9BA9C53AE}.Release|Any CPU.ActiveCfg = Release|Any CPU
		{60FC330A-B51A-49C8-BE33-A5B9BA9C53AE}.Release|Any CPU.Build.0 = Release|Any CPU
		{60FC330A-B51A-49C8-BE33-A5B9BA9C53AE}.Release|Mixed Platforms.ActiveCfg = Release|Any CPU
		{60FC330A-B51A-49C8-BE33-A5B9BA9C53AE}.Release|Mixed Platforms.Build.0 = Release|Any CPU
		{60FC330A-B51A-49C8-BE33-A5B9BA9C53AE}.Release|x64.ActiveCfg = Release|x64
		{60FC330A-B51A-49C8-BE33-A5B9BA9C53AE}.Release|x64.Build.0 = Release|x64
		{60FC330A-B51A-49C8-BE33-A5B9BA9C53AE}.Release|x86.ActiveCfg = Release|Any CPU
		{60FC330A-B51A-49C8-BE33-A5B9BA9C53AE}.Release|x86.Build.0 = Release|Any CPU
		{5B8D4F50-D000-4F65-9288-EFC9DA0E111C}.Debug|.NET.ActiveCfg = Debug|Any CPU
		{5B8D4F50-D000-4F65-9288-EFC9DA0E111C}.Debug|Any CPU.ActiveCfg = Debug|Any CPU
		{5B8D4F50-D000-4F65-9288-EFC9DA0E111C}.Debug|Any CPU.Build.0 = Debug|Any CPU
		{5B8D4F50-D000-4F65-9288-EFC9DA0E111C}.Debug|Mixed Platforms.ActiveCfg = Debug|Any CPU
		{5B8D4F50-D000-4F65-9288-EFC9DA0E111C}.Debug|Mixed Platforms.Build.0 = Debug|Any CPU
		{5B8D4F50-D000-4F65-9288-EFC9DA0E111C}.Debug|x64.ActiveCfg = Debug|x64
		{5B8D4F50-D000-4F65-9288-EFC9DA0E111C}.Debug|x64.Build.0 = Debug|x64
		{5B8D4F50-D000-4F65-9288-EFC9DA0E111C}.Debug|x86.ActiveCfg = Debug|Any CPU
		{5B8D4F50-D000-4F65-9288-EFC9DA0E111C}.Release|.NET.ActiveCfg = Release|Any CPU
		{5B8D4F50-D000-4F65-9288-EFC9DA0E111C}.Release|Any CPU.ActiveCfg = Release|Any CPU
		{5B8D4F50-D000-4F65-9288-EFC9DA0E111C}.Release|Any CPU.Build.0 = Release|Any CPU
		{5B8D4F50-D000-4F65-9288-EFC9DA0E111C}.Release|Mixed Platforms.ActiveCfg = Release|Any CPU
		{5B8D4F50-D000-4F65-9288-EFC9DA0E111C}.Release|Mixed Platforms.Build.0 = Release|Any CPU
		{5B8D4F50-D000-4F65-9288-EFC9DA0E111C}.Release|x64.ActiveCfg = Release|Any CPU
		{5B8D4F50-D000-4F65-9288-EFC9DA0E111C}.Release|x64.Build.0 = Release|Any CPU
		{5B8D4F50-D000-4F65-9288-EFC9DA0E111C}.Release|x86.ActiveCfg = Release|Any CPU
		{8D9A171A-4350-43CF-93BC-727E708BD6AE}.Debug|.NET.ActiveCfg = Debug|Any CPU
		{8D9A171A-4350-43CF-93BC-727E708BD6AE}.Debug|.NET.Build.0 = Debug|Any CPU
		{8D9A171A-4350-43CF-93BC-727E708BD6AE}.Debug|Any CPU.ActiveCfg = Debug|Any CPU
		{8D9A171A-4350-43CF-93BC-727E708BD6AE}.Debug|Any CPU.Build.0 = Debug|Any CPU
		{8D9A171A-4350-43CF-93BC-727E708BD6AE}.Debug|Mixed Platforms.ActiveCfg = Debug|Any CPU
		{8D9A171A-4350-43CF-93BC-727E708BD6AE}.Debug|Mixed Platforms.Build.0 = Debug|Any CPU
		{8D9A171A-4350-43CF-93BC-727E708BD6AE}.Debug|x64.ActiveCfg = Debug|x64
		{8D9A171A-4350-43CF-93BC-727E708BD6AE}.Debug|x64.Build.0 = Debug|x64
		{8D9A171A-4350-43CF-93BC-727E708BD6AE}.Debug|x86.ActiveCfg = Debug|Any CPU
		{8D9A171A-4350-43CF-93BC-727E708BD6AE}.Debug|x86.Build.0 = Debug|Any CPU
		{8D9A171A-4350-43CF-93BC-727E708BD6AE}.Release|.NET.ActiveCfg = Release|Any CPU
		{8D9A171A-4350-43CF-93BC-727E708BD6AE}.Release|.NET.Build.0 = Release|Any CPU
		{8D9A171A-4350-43CF-93BC-727E708BD6AE}.Release|Any CPU.ActiveCfg = Release|Any CPU
		{8D9A171A-4350-43CF-93BC-727E708BD6AE}.Release|Any CPU.Build.0 = Release|Any CPU
		{8D9A171A-4350-43CF-93BC-727E708BD6AE}.Release|Mixed Platforms.ActiveCfg = Release|Any CPU
		{8D9A171A-4350-43CF-93BC-727E708BD6AE}.Release|Mixed Platforms.Build.0 = Release|Any CPU
		{8D9A171A-4350-43CF-93BC-727E708BD6AE}.Release|x64.ActiveCfg = Release|Any CPU
		{8D9A171A-4350-43CF-93BC-727E708BD6AE}.Release|x64.Build.0 = Release|Any CPU
		{8D9A171A-4350-43CF-93BC-727E708BD6AE}.Release|x86.ActiveCfg = Release|Any CPU
		{8D9A171A-4350-43CF-93BC-727E708BD6AE}.Release|x86.Build.0 = Release|Any CPU
		{FEB1BE7F-E0E3-457B-88B1-49BFEABAB6FB}.Debug|.NET.ActiveCfg = Debug|Any CPU
		{FEB1BE7F-E0E3-457B-88B1-49BFEABAB6FB}.Debug|.NET.Build.0 = Debug|Any CPU
		{FEB1BE7F-E0E3-457B-88B1-49BFEABAB6FB}.Debug|Any CPU.ActiveCfg = Debug|Any CPU
		{FEB1BE7F-E0E3-457B-88B1-49BFEABAB6FB}.Debug|Any CPU.Build.0 = Debug|Any CPU
		{FEB1BE7F-E0E3-457B-88B1-49BFEABAB6FB}.Debug|Mixed Platforms.ActiveCfg = Debug|Any CPU
		{FEB1BE7F-E0E3-457B-88B1-49BFEABAB6FB}.Debug|Mixed Platforms.Build.0 = Debug|Any CPU
		{FEB1BE7F-E0E3-457B-88B1-49BFEABAB6FB}.Debug|x64.ActiveCfg = Debug|x64
		{FEB1BE7F-E0E3-457B-88B1-49BFEABAB6FB}.Debug|x64.Build.0 = Debug|x64
		{FEB1BE7F-E0E3-457B-88B1-49BFEABAB6FB}.Debug|x86.ActiveCfg = Debug|Any CPU
		{FEB1BE7F-E0E3-457B-88B1-49BFEABAB6FB}.Debug|x86.Build.0 = Debug|Any CPU
		{FEB1BE7F-E0E3-457B-88B1-49BFEABAB6FB}.Release|.NET.ActiveCfg = Release|Any CPU
		{FEB1BE7F-E0E3-457B-88B1-49BFEABAB6FB}.Release|.NET.Build.0 = Release|Any CPU
		{FEB1BE7F-E0E3-457B-88B1-49BFEABAB6FB}.Release|Any CPU.ActiveCfg = Release|Any CPU
		{FEB1BE7F-E0E3-457B-88B1-49BFEABAB6FB}.Release|Any CPU.Build.0 = Release|Any CPU
		{FEB1BE7F-E0E3-457B-88B1-49BFEABAB6FB}.Release|Mixed Platforms.ActiveCfg = Release|Any CPU
		{FEB1BE7F-E0E3-457B-88B1-49BFEABAB6FB}.Release|Mixed Platforms.Build.0 = Release|Any CPU
		{FEB1BE7F-E0E3-457B-88B1-49BFEABAB6FB}.Release|x64.ActiveCfg = Release|Any CPU
		{FEB1BE7F-E0E3-457B-88B1-49BFEABAB6FB}.Release|x64.Build.0 = Release|Any CPU
		{FEB1BE7F-E0E3-457B-88B1-49BFEABAB6FB}.Release|x86.ActiveCfg = Release|Any CPU
		{FEB1BE7F-E0E3-457B-88B1-49BFEABAB6FB}.Release|x86.Build.0 = Release|Any CPU
		{4C1A2C6C-A469-4C87-98D1-F1D517FA1ACF}.Debug|.NET.ActiveCfg = Debug|Any CPU
		{4C1A2C6C-A469-4C87-98D1-F1D517FA1ACF}.Debug|.NET.Build.0 = Debug|Any CPU
		{4C1A2C6C-A469-4C87-98D1-F1D517FA1ACF}.Debug|Any CPU.ActiveCfg = Debug|Any CPU
		{4C1A2C6C-A469-4C87-98D1-F1D517FA1ACF}.Debug|Any CPU.Build.0 = Debug|Any CPU
		{4C1A2C6C-A469-4C87-98D1-F1D517FA1ACF}.Debug|Mixed Platforms.ActiveCfg = Debug|Any CPU
		{4C1A2C6C-A469-4C87-98D1-F1D517FA1ACF}.Debug|Mixed Platforms.Build.0 = Debug|Any CPU
		{4C1A2C6C-A469-4C87-98D1-F1D517FA1ACF}.Debug|x64.ActiveCfg = Debug|x64
		{4C1A2C6C-A469-4C87-98D1-F1D517FA1ACF}.Debug|x64.Build.0 = Debug|x64
		{4C1A2C6C-A469-4C87-98D1-F1D517FA1ACF}.Debug|x86.ActiveCfg = Debug|Any CPU
		{4C1A2C6C-A469-4C87-98D1-F1D517FA1ACF}.Debug|x86.Build.0 = Debug|Any CPU
		{4C1A2C6C-A469-4C87-98D1-F1D517FA1ACF}.Release|.NET.ActiveCfg = Release|Any CPU
		{4C1A2C6C-A469-4C87-98D1-F1D517FA1ACF}.Release|.NET.Build.0 = Release|Any CPU
		{4C1A2C6C-A469-4C87-98D1-F1D517FA1ACF}.Release|Any CPU.ActiveCfg = Release|Any CPU
		{4C1A2C6C-A469-4C87-98D1-F1D517FA1ACF}.Release|Any CPU.Build.0 = Release|Any CPU
		{4C1A2C6C-A469-4C87-98D1-F1D517FA1ACF}.Release|Mixed Platforms.ActiveCfg = Release|Any CPU
		{4C1A2C6C-A469-4C87-98D1-F1D517FA1ACF}.Release|Mixed Platforms.Build.0 = Release|Any CPU
		{4C1A2C6C-A469-4C87-98D1-F1D517FA1ACF}.Release|x64.ActiveCfg = Release|Any CPU
		{4C1A2C6C-A469-4C87-98D1-F1D517FA1ACF}.Release|x64.Build.0 = Release|Any CPU
		{4C1A2C6C-A469-4C87-98D1-F1D517FA1ACF}.Release|x86.ActiveCfg = Release|Any CPU
		{4C1A2C6C-A469-4C87-98D1-F1D517FA1ACF}.Release|x86.Build.0 = Release|Any CPU
		{A7CC6BA5-D0DB-45DB-B25F-CA73D775D125}.Debug|.NET.ActiveCfg = Debug|Any CPU
		{A7CC6BA5-D0DB-45DB-B25F-CA73D775D125}.Debug|.NET.Build.0 = Debug|Any CPU
		{A7CC6BA5-D0DB-45DB-B25F-CA73D775D125}.Debug|Any CPU.ActiveCfg = Debug|Any CPU
		{A7CC6BA5-D0DB-45DB-B25F-CA73D775D125}.Debug|Any CPU.Build.0 = Debug|Any CPU
		{A7CC6BA5-D0DB-45DB-B25F-CA73D775D125}.Debug|Mixed Platforms.ActiveCfg = Debug|Any CPU
		{A7CC6BA5-D0DB-45DB-B25F-CA73D775D125}.Debug|Mixed Platforms.Build.0 = Debug|Any CPU
		{A7CC6BA5-D0DB-45DB-B25F-CA73D775D125}.Debug|x64.ActiveCfg = Debug|x64
		{A7CC6BA5-D0DB-45DB-B25F-CA73D775D125}.Debug|x64.Build.0 = Debug|x64
		{A7CC6BA5-D0DB-45DB-B25F-CA73D775D125}.Debug|x86.ActiveCfg = Debug|Any CPU
		{A7CC6BA5-D0DB-45DB-B25F-CA73D775D125}.Debug|x86.Build.0 = Debug|Any CPU
		{A7CC6BA5-D0DB-45DB-B25F-CA73D775D125}.Release|.NET.ActiveCfg = Release|Any CPU
		{A7CC6BA5-D0DB-45DB-B25F-CA73D775D125}.Release|.NET.Build.0 = Release|Any CPU
		{A7CC6BA5-D0DB-45DB-B25F-CA73D775D125}.Release|Any CPU.ActiveCfg = Release|Any CPU
		{A7CC6BA5-D0DB-45DB-B25F-CA73D775D125}.Release|Any CPU.Build.0 = Release|Any CPU
		{A7CC6BA5-D0DB-45DB-B25F-CA73D775D125}.Release|Mixed Platforms.ActiveCfg = Release|Any CPU
		{A7CC6BA5-D0DB-45DB-B25F-CA73D775D125}.Release|Mixed Platforms.Build.0 = Release|Any CPU
		{A7CC6BA5-D0DB-45DB-B25F-CA73D775D125}.Release|x64.ActiveCfg = Release|Any CPU
		{A7CC6BA5-D0DB-45DB-B25F-CA73D775D125}.Release|x64.Build.0 = Release|Any CPU
		{A7CC6BA5-D0DB-45DB-B25F-CA73D775D125}.Release|x86.ActiveCfg = Release|Any CPU
		{A7CC6BA5-D0DB-45DB-B25F-CA73D775D125}.Release|x86.Build.0 = Release|Any CPU
	EndGlobalSection
	GlobalSection(SolutionProperties) = preSolution
		HideSolutionNode = FALSE
	EndGlobalSection
	GlobalSection(ExtensibilityGlobals) = postSolution
		SolutionGuid = {11498FA4-04FF-434F-816C-507E6B23D774}
	EndGlobalSection
	GlobalSection(TeamFoundationVersionControl) = preSolution
		SccNumberOfProjects = 11
		SccEnterpriseProvider = {4CA58AB2-18FA-4F8D-95D4-32DDF27D184C}
		SccTeamFoundationServer = http://125.64.16.12:8080/tfs/twsoft
		SccProjectUniqueName0 = BLL\\Bll.csproj
		SccProjectName0 = BLL
		SccAuxPath0 = http://125.64.16.12:8080/tfs/twsoft
		SccLocalPath0 = BLL
		SccProvider0 = {4CA58AB2-18FA-4F8D-95D4-32DDF27D184C}
		SccProjectUniqueName1 = Model\\Model.csproj
		SccProjectName1 = Model
		SccAuxPath1 = http://125.64.16.12:8080/tfs/twsoft
		SccLocalPath1 = Model
		SccProvider1 = {4CA58AB2-18FA-4F8D-95D4-32DDF27D184C}
		SccProjectUniqueName2 = Dal\\Dal.csproj
		SccProjectName2 = Dal
		SccAuxPath2 = http://125.64.16.12:8080/tfs/twsoft
		SccLocalPath2 = Dal
		SccProvider2 = {4CA58AB2-18FA-4F8D-95D4-32DDF27D184C}
		SccProjectUniqueName3 = DBUtility\\DBUtility.csproj
		SccProjectName3 = DBUtility
		SccAuxPath3 = http://125.64.16.12:8080/tfs/twsoft
		SccLocalPath3 = DBUtility
		SccProvider3 = {4CA58AB2-18FA-4F8D-95D4-32DDF27D184C}
		SccProjectUniqueName4 = Common\\Common.csproj
		SccProjectName4 = Common
		SccAuxPath4 = http://125.64.16.12:8080/tfs/twsoft
		SccLocalPath4 = Common
		SccProvider4 = {4CA58AB2-18FA-4F8D-95D4-32DDF27D184C}
		SccProjectUniqueName5 = Business\\Business.csproj
		SccProjectName5 = Business
		SccAuxPath5 = http://125.64.16.12:8080/tfs/twsoft
		SccLocalPath5 = Business
		SccProvider5 = {4CA58AB2-18FA-4F8D-95D4-32DDF27D184C}
		SccProjectUniqueName6 = Test\\Test.csproj
		SccProjectName6 = Test
		SccAuxPath6 = http://125.64.16.12:8080/tfs/twsoft
		SccLocalPath6 = Test
		SccProvider6 = {4CA58AB2-18FA-4F8D-95D4-32DDF27D184C}
		SccProjectUniqueName7 = KernelDev\\KernelDev.csproj
		SccProjectName7 = KernelDev
		SccAuxPath7 = http://125.64.16.12:8080/tfs/twsoft
		SccLocalPath7 = KernelDev
		SccProvider7 = {4CA58AB2-18FA-4F8D-95D4-32DDF27D184C}
		SccProjectUniqueName8 = Dapper\\DapperExtensions\\DapperExtensions.csproj
		SccProjectName8 = Dapper/DapperExtensions
		SccAuxPath8 = http://125.64.16.12:8080/tfs/twsoft
		SccLocalPath8 = Dapper\\DapperExtensions
		SccProvider8 = {4CA58AB2-18FA-4F8D-95D4-32DDF27D184C}
		SccProjectUniqueName9 = Tools\\Tools.csproj
		SccProjectName9 = Tools
		SccAuxPath9 = http://125.64.16.12:8080/tfs/twsoft
		SccLocalPath9 = Tools
		SccProvider9 = {4CA58AB2-18FA-4F8D-95D4-32DDF27D184C}
		SccProjectUniqueName10 = Service\\Service.csproj
		SccProjectName10 = Service
		SccAuxPath10 = http://125.64.16.12:8080/tfs/twsoft
		SccLocalPath10 = Service
		SccProvider10 = {4CA58AB2-18FA-4F8D-95D4-32DDF27D184C}
	EndGlobalSection
EndGlobal
